
Microsoft Visual Studio Solution File, Format Version 12.00
# Visual Studio Version 16
VisualStudioVersion = 16.0.31129.286
MinimumVisualStudioVersion = 10.0.40219.1
Project("{FAE04EC0-301F-11D3-BF4B-00C04F79EFBC}") = "Basics", "Basics\Basics.csproj", "{91BAC02D-52C6-4474-A386-6D1920893FDB}"
EndProject
Global
	GlobalSection(SolutionConfigurationPlatforms) = preSolution
		Debug|Any CPU = Debug|Any CPU
		Release|Any CPU = Release|Any CPU
	EndGlobalSection
	GlobalSection(ProjectConfigurationPlatforms) = postSolution
		{91BAC02D-52C6-4474-A386-6D1920893FDB}.Debug|Any CPU.ActiveCfg = Debug|Any CPU
		{91BAC02D-52C6-4474-A386-6D1920893FDB}.Debug|Any CPU.Build.0 = Debug|Any CPU
		{91BAC02D-52C6-4474-A386-6D1920893FDB}.Release|Any CPU.ActiveCfg = Release|Any CPU
		{91BAC02D-52C6-4474-A386-6D1920893FDB}.Release|Any CPU.Build.0 = Release|Any CPU
	EndGlobalSection
	GlobalSection(SolutionProperties) = preSolution
		HideSolutionNode = FALSE
	EndGlobalSection
	GlobalSection(ExtensibilityGlobals) = postSolution
		SolutionGuid = {787C3C48-3853-454D-B5F5-05F0EAEE6C2F}
	EndGlobalSection
EndGlobal
